
Microsoft Visual Studio Solution File, Format Version 12.00
# Visual Studio Version 17
VisualStudioVersion = 17.5.002.0
MinimumVisualStudioVersion = 10.0.40219.1
Project("{2150E333-8FDC-42A3-9474-1A3956D46DE8}") = "01-Algorithmes", "01-Algorithmes", "{88A21471-5CBD-42EA-8C59-89C371AD8205}"
EndProject
Project("{9A19103F-16F7-4668-BE54-9A1E7A4F7556}") = "MaBicyclette", "01-Algorithmes\MaBicyclette\MaBicyclette.csproj", "{78831E31-AF0E-4F9B-890F-B993C50EECA4}"
EndProject
Project("{9A19103F-16F7-4668-BE54-9A1E7A4F7556}") = "MajeurTest", "01-Algorithmes\MajeurTest\MajeurTest.csproj", "{112C2B92-24A1-4C1B-BA79-9AFE614C46C0}"
EndProject
Project("{9A19103F-16F7-4668-BE54-9A1E7A4F7556}") = "MaRetraite", "01-Algorithmes\MaRetraite\MaRetraite.csproj", "{DA2F1BC2-DA36-49BE-90F2-4F9F2FDFEBB3}"
EndProject
Project("{9A19103F-16F7-4668-BE54-9A1E7A4F7556}") = "TriDeNombre", "01-Algorithmes\TriDeNombre\TriDeNombre.csproj", "{B514C9B0-44EA-462D-9BE0-C1B6CE36EDEF}"
EndProject
Project("{9A19103F-16F7-4668-BE54-9A1E7A4F7556}") = "TriGroupeNombres", "01-Algorithmes\TriGroupeNombres\TriGroupeNombres.csproj", "{F1729F0B-ED53-4E83-A845-1DEBF78F37B9}"
EndProject
Project("{9A19103F-16F7-4668-BE54-9A1E7A4F7556}") = "TriNombre", "01-Algorithmes\TriNombre\TriNombre.csproj", "{1932AD84-744F-4259-B9A3-F16B80B62CF5}"
EndProject
Project("{2150E333-8FDC-42A3-9474-1A3956D46DE8}") = "02-Algorithmes", "02-Algorithmes", "{A39BC5C7-8CDF-4451-B992-F8505B8D3E1A}"
EndProject
Project("{9A19103F-16F7-4668-BE54-9A1E7A4F7556}") = "ControleSaisie", "02-Algorithmes\ControleSaisie\ControleSaisie.csproj", "{A6853CF1-F563-4A78-A6E1-23415D41857B}"
EndProject
Project("{9A19103F-16F7-4668-BE54-9A1E7A4F7556}") = "ControleSaisieLimite", "02-Algorithmes\ControleSaisieLimite\ControleSaisieLimite.csproj", "{1164587D-B59F-498A-B24C-2AC974948EE0}"
EndProject
Project("{9A19103F-16F7-4668-BE54-9A1E7A4F7556}") = "IntervalleEntreDeuxNombres", "02-Algorithmes\IntervalleEntreDeuxNombres\IntervalleEntreDeuxNombres.csproj", "{C0B2603F-7AEE-454A-910D-E123F9553C05}"
EndProject
Global
	GlobalSection(SolutionConfigurationPlatforms) = preSolution
		Debug|Any CPU = Debug|Any CPU
		Release|Any CPU = Release|Any CPU
	EndGlobalSection
	GlobalSection(ProjectConfigurationPlatforms) = postSolution
		{78831E31-AF0E-4F9B-890F-B993C50EECA4}.Debug|Any CPU.ActiveCfg = Debug|Any CPU
		{78831E31-AF0E-4F9B-890F-B993C50EECA4}.Debug|Any CPU.Build.0 = Debug|Any CPU
		{78831E31-AF0E-4F9B-890F-B993C50EECA4}.Release|Any CPU.ActiveCfg = Release|Any CPU
		{78831E31-AF0E-4F9B-890F-B993C50EECA4}.Release|Any CPU.Build.0 = Release|Any CPU
		{112C2B92-24A1-4C1B-BA79-9AFE614C46C0}.Debug|Any CPU.ActiveCfg = Debug|Any CPU
		{112C2B92-24A1-4C1B-BA79-9AFE614C46C0}.Debug|Any CPU.Build.0 = Debug|Any CPU
		{112C2B92-24A1-4C1B-BA79-9AFE614C46C0}.Release|Any CPU.ActiveCfg = Release|Any CPU
		{112C2B92-24A1-4C1B-BA79-9AFE614C46C0}.Release|Any CPU.Build.0 = Release|Any CPU
		{DA2F1BC2-DA36-49BE-90F2-4F9F2FDFEBB3}.Debug|Any CPU.ActiveCfg = Debug|Any CPU
		{DA2F1BC2-DA36-49BE-90F2-4F9F2FDFEBB3}.Debug|Any CPU.Build.0 = Debug|Any CPU
		{DA2F1BC2-DA36-49BE-90F2-4F9F2FDFEBB3}.Release|Any CPU.ActiveCfg = Release|Any CPU
		{DA2F1BC2-DA36-49BE-90F2-4F9F2FDFEBB3}.Release|Any CPU.Build.0 = Release|Any CPU
		{B514C9B0-44EA-462D-9BE0-C1B6CE36EDEF}.Debug|Any CPU.ActiveCfg = Debug|Any CPU
		{B514C9B0-44EA-462D-9BE0-C1B6CE36EDEF}.Debug|Any CPU.Build.0 = Debug|Any CPU
		{B514C9B0-44EA-462D-9BE0-C1B6CE36EDEF}.Release|Any CPU.ActiveCfg = Release|Any CPU
		{B514C9B0-44EA-462D-9BE0-C1B6CE36EDEF}.Release|Any CPU.Build.0 = Release|Any CPU
		{F1729F0B-ED53-4E83-A845-1DEBF78F37B9}.Debug|Any CPU.ActiveCfg = Debug|Any CPU
		{F1729F0B-ED53-4E83-A845-1DEBF78F37B9}.Debug|Any CPU.Build.0 = Debug|Any CPU
		{F1729F0B-ED53-4E83-A845-1DEBF78F37B9}.Release|Any CPU.ActiveCfg = Release|Any CPU
		{F1729F0B-ED53-4E83-A845-1DEBF78F37B9}.Release|Any CPU.Build.0 = Release|Any CPU
		{1932AD84-744F-4259-B9A3-F16B80B62CF5}.Debug|Any CPU.ActiveCfg = Debug|Any CPU
		{1932AD84-744F-4259-B9A3-F16B80B62CF5}.Debug|Any CPU.Build.0 = Debug|Any CPU
		{1932AD84-744F-4259-B9A3-F16B80B62CF5}.Release|Any CPU.ActiveCfg = Release|Any CPU
		{1932AD84-744F-4259-B9A3-F16B80B62CF5}.Release|Any CPU.Build.0 = Release|Any CPU
		{A6853CF1-F563-4A78-A6E1-23415D41857B}.Debug|Any CPU.ActiveCfg = Debug|Any CPU
		{A6853CF1-F563-4A78-A6E1-23415D41857B}.Debug|Any CPU.Build.0 = Debug|Any CPU
		{A6853CF1-F563-4A78-A6E1-23415D41857B}.Release|Any CPU.ActiveCfg = Release|Any CPU
		{A6853CF1-F563-4A78-A6E1-23415D41857B}.Release|Any CPU.Build.0 = Release|Any CPU
		{1164587D-B59F-498A-B24C-2AC974948EE0}.Debug|Any CPU.ActiveCfg = Debug|Any CPU
		{1164587D-B59F-498A-B24C-2AC974948EE0}.Debug|Any CPU.Build.0 = Debug|Any CPU
		{1164587D-B59F-498A-B24C-2AC974948EE0}.Release|Any CPU.ActiveCfg = Release|Any CPU
		{1164587D-B59F-498A-B24C-2AC974948EE0}.Release|Any CPU.Build.0 = Release|Any CPU
		{C0B2603F-7AEE-454A-910D-E123F9553C05}.Debug|Any CPU.ActiveCfg = Debug|Any CPU
		{C0B2603F-7AEE-454A-910D-E123F9553C05}.Debug|Any CPU.Build.0 = Debug|Any CPU
		{C0B2603F-7AEE-454A-910D-E123F9553C05}.Release|Any CPU.ActiveCfg = Release|Any CPU
		{C0B2603F-7AEE-454A-910D-E123F9553C05}.Release|Any CPU.Build.0 = Release|Any CPU
	EndGlobalSection
	GlobalSection(SolutionProperties) = preSolution
		HideSolutionNode = FALSE
	EndGlobalSection
	GlobalSection(NestedProjects) = preSolution
		{78831E31-AF0E-4F9B-890F-B993C50EECA4} = {88A21471-5CBD-42EA-8C59-89C371AD8205}
		{112C2B92-24A1-4C1B-BA79-9AFE614C46C0} = {88A21471-5CBD-42EA-8C59-89C371AD8205}
		{DA2F1BC2-DA36-49BE-90F2-4F9F2FDFEBB3} = {88A21471-5CBD-42EA-8C59-89C371AD8205}
		{B514C9B0-44EA-462D-9BE0-C1B6CE36EDEF} = {88A21471-5CBD-42EA-8C59-89C371AD8205}
		{F1729F0B-ED53-4E83-A845-1DEBF78F37B9} = {88A21471-5CBD-42EA-8C59-89C371AD8205}
		{1932AD84-744F-4259-B9A3-F16B80B62CF5} = {88A21471-5CBD-42EA-8C59-89C371AD8205}
		{A6853CF1-F563-4A78-A6E1-23415D41857B} = {A39BC5C7-8CDF-4451-B992-F8505B8D3E1A}
		{1164587D-B59F-498A-B24C-2AC974948EE0} = {A39BC5C7-8CDF-4451-B992-F8505B8D3E1A}
		{C0B2603F-7AEE-454A-910D-E123F9553C05} = {A39BC5C7-8CDF-4451-B992-F8505B8D3E1A}
	EndGlobalSection
	GlobalSection(ExtensibilityGlobals) = postSolution
		SolutionGuid = {F0DCAFB6-A487-4411-8BE0-C97257851C75}
	EndGlobalSection
EndGlobal
