
Microsoft Visual Studio Solution File, Format Version 12.00
# Visual Studio Version 17
VisualStudioVersion = 17.11.35222.181
MinimumVisualStudioVersion = 10.0.40219.1
Project("{9A19103F-16F7-4668-BE54-9A1E7A4F7556}") = "TriDeNombre", "..\TriDeNombre\TriDeNombre.csproj", "{C5A8BF6A-E2E8-4ED8-92B2-A9C1620C12F0}"
EndProject
Project("{9A19103F-16F7-4668-BE54-9A1E7A4F7556}") = "TriNombre", "..\TriNombre\TriNombre.csproj", "{87A29966-D839-47D8-8180-4A77B80D30DC}"
EndProject
Project("{9A19103F-16F7-4668-BE54-9A1E7A4F7556}") = "TriGroupeNombres", "..\TriGroupeNombres\TriGroupeNombres.csproj", "{08F9176D-2069-475C-AB06-9F34C13E8E1B}"
EndProject
Project("{9A19103F-16F7-4668-BE54-9A1E7A4F7556}") = "MajeurTest", "..\MajeurTest\MajeurTest.csproj", "{6C16469C-4760-421E-909C-A9441190F008}"
EndProject
Project("{9A19103F-16F7-4668-BE54-9A1E7A4F7556}") = "ControleSaisie", "..\..\02-Algorithmes\ControleSaisie\ControleSaisie.csproj", "{3637A46C-D3C6-49D3-9EA7-A7FD26D5A413}"
EndProject
Project("{9A19103F-16F7-4668-BE54-9A1E7A4F7556}") = "ControleSaisieLimite", "..\..\02-Algorithmes\ControleSaisieLimite\ControleSaisieLimite.csproj", "{3CFA5B05-5137-4C90-AA27-087A05A6B2DF}"
EndProject
Project("{9A19103F-16F7-4668-BE54-9A1E7A4F7556}") = "IntervalleEntreDeuxNombres", "..\..\02-Algorithmes\IntervalleEntreDeuxNombres\IntervalleEntreDeuxNombres.csproj", "{F5FFC56C-39EE-4357-A931-D6DDACF9325B}"
EndProject
Project("{9A19103F-16F7-4668-BE54-9A1E7A4F7556}") = "DiviseursUnNombre", "..\..\02-Algorithmes\DiviseursUnNombre\DiviseursUnNombre.csproj", "{04DA3745-0640-45D2-AF5C-6A66C0599975}"
EndProject
Project("{9A19103F-16F7-4668-BE54-9A1E7A4F7556}") = "JeuFourchette", "..\..\02-Algorithmes\JeuFourchette\JeuFourchette.csproj", "{49601B4B-FA60-4ECB-A560-F372BF731980}"
EndProject
Project("{9A19103F-16F7-4668-BE54-9A1E7A4F7556}") = "NombrePremier", "..\..\02-Algorithmes\NombrePremier\NombrePremier.csproj", "{F29992B9-F5C8-4B4A-BA3F-67EA8A49C163}"
EndProject
Project("{9A19103F-16F7-4668-BE54-9A1E7A4F7556}") = "BarnabeCourses", "..\..\02-Algorithmes\BarnabeCourses\BarnabeCourses.csproj", "{B78DA811-431F-4F24-B44A-DD7F535386DA}"
EndProject
Project("{9A19103F-16F7-4668-BE54-9A1E7A4F7556}") = "MaRetraite", "..\MaRetraite\MaRetraite.csproj", "{961CBCD7-3C1D-4A12-B7F9-28677A19AA40}"
EndProject
Global
	GlobalSection(SolutionConfigurationPlatforms) = preSolution
		Debug|Any CPU = Debug|Any CPU
		Release|Any CPU = Release|Any CPU
	EndGlobalSection
	GlobalSection(ProjectConfigurationPlatforms) = postSolution
		{C5A8BF6A-E2E8-4ED8-92B2-A9C1620C12F0}.Debug|Any CPU.ActiveCfg = Debug|Any CPU
		{C5A8BF6A-E2E8-4ED8-92B2-A9C1620C12F0}.Debug|Any CPU.Build.0 = Debug|Any CPU
		{C5A8BF6A-E2E8-4ED8-92B2-A9C1620C12F0}.Release|Any CPU.ActiveCfg = Release|Any CPU
		{C5A8BF6A-E2E8-4ED8-92B2-A9C1620C12F0}.Release|Any CPU.Build.0 = Release|Any CPU
		{87A29966-D839-47D8-8180-4A77B80D30DC}.Debug|Any CPU.ActiveCfg = Debug|Any CPU
		{87A29966-D839-47D8-8180-4A77B80D30DC}.Debug|Any CPU.Build.0 = Debug|Any CPU
		{87A29966-D839-47D8-8180-4A77B80D30DC}.Release|Any CPU.ActiveCfg = Release|Any CPU
		{87A29966-D839-47D8-8180-4A77B80D30DC}.Release|Any CPU.Build.0 = Release|Any CPU
		{08F9176D-2069-475C-AB06-9F34C13E8E1B}.Debug|Any CPU.ActiveCfg = Debug|Any CPU
		{08F9176D-2069-475C-AB06-9F34C13E8E1B}.Debug|Any CPU.Build.0 = Debug|Any CPU
		{08F9176D-2069-475C-AB06-9F34C13E8E1B}.Release|Any CPU.ActiveCfg = Release|Any CPU
		{08F9176D-2069-475C-AB06-9F34C13E8E1B}.Release|Any CPU.Build.0 = Release|Any CPU
		{6C16469C-4760-421E-909C-A9441190F008}.Debug|Any CPU.ActiveCfg = Debug|Any CPU
		{6C16469C-4760-421E-909C-A9441190F008}.Debug|Any CPU.Build.0 = Debug|Any CPU
		{6C16469C-4760-421E-909C-A9441190F008}.Release|Any CPU.ActiveCfg = Release|Any CPU
		{6C16469C-4760-421E-909C-A9441190F008}.Release|Any CPU.Build.0 = Release|Any CPU
		{3637A46C-D3C6-49D3-9EA7-A7FD26D5A413}.Debug|Any CPU.ActiveCfg = Debug|Any CPU
		{3637A46C-D3C6-49D3-9EA7-A7FD26D5A413}.Debug|Any CPU.Build.0 = Debug|Any CPU
		{3637A46C-D3C6-49D3-9EA7-A7FD26D5A413}.Release|Any CPU.ActiveCfg = Release|Any CPU
		{3637A46C-D3C6-49D3-9EA7-A7FD26D5A413}.Release|Any CPU.Build.0 = Release|Any CPU
		{3CFA5B05-5137-4C90-AA27-087A05A6B2DF}.Debug|Any CPU.ActiveCfg = Debug|Any CPU
		{3CFA5B05-5137-4C90-AA27-087A05A6B2DF}.Debug|Any CPU.Build.0 = Debug|Any CPU
		{3CFA5B05-5137-4C90-AA27-087A05A6B2DF}.Release|Any CPU.ActiveCfg = Release|Any CPU
		{3CFA5B05-5137-4C90-AA27-087A05A6B2DF}.Release|Any CPU.Build.0 = Release|Any CPU
		{F5FFC56C-39EE-4357-A931-D6DDACF9325B}.Debug|Any CPU.ActiveCfg = Debug|Any CPU
		{F5FFC56C-39EE-4357-A931-D6DDACF9325B}.Debug|Any CPU.Build.0 = Debug|Any CPU
		{F5FFC56C-39EE-4357-A931-D6DDACF9325B}.Release|Any CPU.ActiveCfg = Release|Any CPU
		{F5FFC56C-39EE-4357-A931-D6DDACF9325B}.Release|Any CPU.Build.0 = Release|Any CPU
		{04DA3745-0640-45D2-AF5C-6A66C0599975}.Debug|Any CPU.ActiveCfg = Debug|Any CPU
		{04DA3745-0640-45D2-AF5C-6A66C0599975}.Debug|Any CPU.Build.0 = Debug|Any CPU
		{04DA3745-0640-45D2-AF5C-6A66C0599975}.Release|Any CPU.ActiveCfg = Release|Any CPU
		{04DA3745-0640-45D2-AF5C-6A66C0599975}.Release|Any CPU.Build.0 = Release|Any CPU
		{49601B4B-FA60-4ECB-A560-F372BF731980}.Debug|Any CPU.ActiveCfg = Debug|Any CPU
		{49601B4B-FA60-4ECB-A560-F372BF731980}.Debug|Any CPU.Build.0 = Debug|Any CPU
		{49601B4B-FA60-4ECB-A560-F372BF731980}.Release|Any CPU.ActiveCfg = Release|Any CPU
		{49601B4B-FA60-4ECB-A560-F372BF731980}.Release|Any CPU.Build.0 = Release|Any CPU
		{F29992B9-F5C8-4B4A-BA3F-67EA8A49C163}.Debug|Any CPU.ActiveCfg = Debug|Any CPU
		{F29992B9-F5C8-4B4A-BA3F-67EA8A49C163}.Debug|Any CPU.Build.0 = Debug|Any CPU
		{F29992B9-F5C8-4B4A-BA3F-67EA8A49C163}.Release|Any CPU.ActiveCfg = Release|Any CPU
		{F29992B9-F5C8-4B4A-BA3F-67EA8A49C163}.Release|Any CPU.Build.0 = Release|Any CPU
		{B78DA811-431F-4F24-B44A-DD7F535386DA}.Debug|Any CPU.ActiveCfg = Debug|Any CPU
		{B78DA811-431F-4F24-B44A-DD7F535386DA}.Debug|Any CPU.Build.0 = Debug|Any CPU
		{B78DA811-431F-4F24-B44A-DD7F535386DA}.Release|Any CPU.ActiveCfg = Release|Any CPU
		{B78DA811-431F-4F24-B44A-DD7F535386DA}.Release|Any CPU.Build.0 = Release|Any CPU
		{961CBCD7-3C1D-4A12-B7F9-28677A19AA40}.Debug|Any CPU.ActiveCfg = Debug|Any CPU
		{961CBCD7-3C1D-4A12-B7F9-28677A19AA40}.Debug|Any CPU.Build.0 = Debug|Any CPU
		{961CBCD7-3C1D-4A12-B7F9-28677A19AA40}.Release|Any CPU.ActiveCfg = Release|Any CPU
		{961CBCD7-3C1D-4A12-B7F9-28677A19AA40}.Release|Any CPU.Build.0 = Release|Any CPU
	EndGlobalSection
	GlobalSection(SolutionProperties) = preSolution
		HideSolutionNode = FALSE
	EndGlobalSection
	GlobalSection(ExtensibilityGlobals) = postSolution
		SolutionGuid = {A396D53B-CF5C-4317-BCDE-019C7A4FF934}
	EndGlobalSection
EndGlobal
