
Microsoft Visual Studio Solution File, Format Version 12.00
# Visual Studio Version 17
VisualStudioVersion = 17.11.35222.181
MinimumVisualStudioVersion = 10.0.40219.1
Project("{9A19103F-16F7-4668-BE54-9A1E7A4F7556}") = "MaBicyclette", "MaBicyclette\MaBicyclette.csproj", "{47CCF39C-9D09-4708-A3F5-50C18C899B76}"
EndProject
Project("{9A19103F-16F7-4668-BE54-9A1E7A4F7556}") = "MajeurTest", "MajeurTest\MajeurTest.csproj", "{9360A498-EA38-4E31-BCAF-091B4F7886D1}"
EndProject
Project("{9A19103F-16F7-4668-BE54-9A1E7A4F7556}") = "MaRetraite", "MaRetraite\MaRetraite.csproj", "{FC21C0A3-27CF-42D4-83D7-F563C5DE44B4}"
EndProject
Project("{9A19103F-16F7-4668-BE54-9A1E7A4F7556}") = "TriDeNombre", "TriDeNombre\TriDeNombre.csproj", "{230CE4DD-2D28-40C9-B682-9FE65D789457}"
EndProject
Project("{9A19103F-16F7-4668-BE54-9A1E7A4F7556}") = "TriGroupeNombres", "TriGroupeNombres\TriGroupeNombres.csproj", "{82183D21-8DE7-4FFC-8FCA-D60172102FAA}"
EndProject
Project("{9A19103F-16F7-4668-BE54-9A1E7A4F7556}") = "BarnabeCourses", "BarnabeCourses\BarnabeCourses.csproj", "{3E738EF0-215B-41AD-818F-C27CA829ECE1}"
EndProject
Project("{9A19103F-16F7-4668-BE54-9A1E7A4F7556}") = "ControleSaisie", "ControleSaisie\ControleSaisie.csproj", "{43041F6F-BAA4-42C6-8D79-3B17A153C830}"
EndProject
Project("{9A19103F-16F7-4668-BE54-9A1E7A4F7556}") = "ControleSaisieLimite", "ControleSaisieLimite\ControleSaisieLimite.csproj", "{AF542DF3-1646-43E0-9B9B-338205D275CF}"
EndProject
Project("{9A19103F-16F7-4668-BE54-9A1E7A4F7556}") = "DiviseursUnNombre", "DiviseursUnNombre\DiviseursUnNombre.csproj", "{22844665-DF27-4C1F-AF98-8981019FD6CF}"
EndProject
Project("{9A19103F-16F7-4668-BE54-9A1E7A4F7556}") = "IntervalleEntreDeuxNombres", "IntervalleEntreDeuxNombres\IntervalleEntreDeuxNombres.csproj", "{34BC1567-91E7-435C-AC69-02097E21718E}"
EndProject
Project("{9A19103F-16F7-4668-BE54-9A1E7A4F7556}") = "JeuFourchette", "JeuFourchette\JeuFourchette.csproj", "{BB819F08-4C74-4502-A0EE-D1BCC21E08B0}"
EndProject
Project("{9A19103F-16F7-4668-BE54-9A1E7A4F7556}") = "NombrePremier", "NombrePremier\NombrePremier.csproj", "{EBCA5B4A-A232-4DB7-B7C0-A90104072AC7}"
EndProject
Project("{9A19103F-16F7-4668-BE54-9A1E7A4F7556}") = "RechercheNombreTableau", "RechercheNombreTableau\RechercheNombreTableau.csproj", "{8308139A-650A-4F8B-81DC-86E3034C3536}"
EndProject
Project("{9A19103F-16F7-4668-BE54-9A1E7A4F7556}") = "RechercheOccurencesLettrePhrase", "RechercheOccurencesLettrePhrase\RechercheOccurencesLettrePhrase.csproj", "{A7F9840F-6597-4F1C-9873-43C2EC3B01A0}"
EndProject
Project("{9A19103F-16F7-4668-BE54-9A1E7A4F7556}") = "DenombrerLettresAlphabetTableau", "DenombrerLettresAlphabetTableau\DenombrerLettresAlphabetTableau.csproj", "{2CF6BC31-82C7-48A7-A424-D18E1BDCBE4F}"
EndProject
Project("{9A19103F-16F7-4668-BE54-9A1E7A4F7556}") = "TriTableau", "TriTableau\TriTableau.csproj", "{317467D0-AB97-4C5A-9970-1152B556A0F2}"
EndProject
Project("{9A19103F-16F7-4668-BE54-9A1E7A4F7556}") = "Palindrome", "Palindrome\Palindrome.csproj", "{D9FEFDD4-CBA1-4709-A3B6-7A7519475BC9}"
EndProject
Project("{9A19103F-16F7-4668-BE54-9A1E7A4F7556}") = "FruitsEtLegumes", "FruitsEtLegumes\FruitsEtLegumes.csproj", "{0C46AFB6-8A85-4DCD-8A28-561CD7219DCF}"
EndProject
Project("{9A19103F-16F7-4668-BE54-9A1E7A4F7556}") = "JeuDuZeroUnDeux", "JeuDuZeroUnDeux\JeuDuZeroUnDeux.csproj", "{6A715E91-DFA2-4DEC-A4C6-44B8E929DFC1}"
EndProject
Project("{9A19103F-16F7-4668-BE54-9A1E7A4F7556}") = "CalculNombrePersonnes", "CalculNombrePersonnes\CalculNombrePersonnes.csproj", "{8D62E83D-24C0-4214-9714-ABBEC600F6B6}"
EndProject
Project("{9A19103F-16F7-4668-BE54-9A1E7A4F7556}") = "DenombrerLettresAlphabet", "DenombrerLettresAlphabet\DenombrerLettresAlphabet.csproj", "{236F3084-4C18-4A16-A154-09157D70BA5A}"
EndProject
Project("{FAE04EC0-301F-11D3-BF4B-00C04F79EFBC}") = "FruitsEtLegumes01", "FruitsEtLegumes01\FruitsEtLegumes01.csproj", "{B4637247-6B9C-497D-8169-67984C8CFBC9}"
EndProject
Global
	GlobalSection(SolutionConfigurationPlatforms) = preSolution
		Debug|Any CPU = Debug|Any CPU
		Release|Any CPU = Release|Any CPU
	EndGlobalSection
	GlobalSection(ProjectConfigurationPlatforms) = postSolution
		{47CCF39C-9D09-4708-A3F5-50C18C899B76}.Debug|Any CPU.ActiveCfg = Debug|Any CPU
		{47CCF39C-9D09-4708-A3F5-50C18C899B76}.Debug|Any CPU.Build.0 = Debug|Any CPU
		{47CCF39C-9D09-4708-A3F5-50C18C899B76}.Release|Any CPU.ActiveCfg = Release|Any CPU
		{47CCF39C-9D09-4708-A3F5-50C18C899B76}.Release|Any CPU.Build.0 = Release|Any CPU
		{9360A498-EA38-4E31-BCAF-091B4F7886D1}.Debug|Any CPU.ActiveCfg = Debug|Any CPU
		{9360A498-EA38-4E31-BCAF-091B4F7886D1}.Debug|Any CPU.Build.0 = Debug|Any CPU
		{9360A498-EA38-4E31-BCAF-091B4F7886D1}.Release|Any CPU.ActiveCfg = Release|Any CPU
		{9360A498-EA38-4E31-BCAF-091B4F7886D1}.Release|Any CPU.Build.0 = Release|Any CPU
		{FC21C0A3-27CF-42D4-83D7-F563C5DE44B4}.Debug|Any CPU.ActiveCfg = Debug|Any CPU
		{FC21C0A3-27CF-42D4-83D7-F563C5DE44B4}.Debug|Any CPU.Build.0 = Debug|Any CPU
		{FC21C0A3-27CF-42D4-83D7-F563C5DE44B4}.Release|Any CPU.ActiveCfg = Release|Any CPU
		{FC21C0A3-27CF-42D4-83D7-F563C5DE44B4}.Release|Any CPU.Build.0 = Release|Any CPU
		{230CE4DD-2D28-40C9-B682-9FE65D789457}.Debug|Any CPU.ActiveCfg = Debug|Any CPU
		{230CE4DD-2D28-40C9-B682-9FE65D789457}.Debug|Any CPU.Build.0 = Debug|Any CPU
		{230CE4DD-2D28-40C9-B682-9FE65D789457}.Release|Any CPU.ActiveCfg = Release|Any CPU
		{230CE4DD-2D28-40C9-B682-9FE65D789457}.Release|Any CPU.Build.0 = Release|Any CPU
		{82183D21-8DE7-4FFC-8FCA-D60172102FAA}.Debug|Any CPU.ActiveCfg = Debug|Any CPU
		{82183D21-8DE7-4FFC-8FCA-D60172102FAA}.Debug|Any CPU.Build.0 = Debug|Any CPU
		{82183D21-8DE7-4FFC-8FCA-D60172102FAA}.Release|Any CPU.ActiveCfg = Release|Any CPU
		{82183D21-8DE7-4FFC-8FCA-D60172102FAA}.Release|Any CPU.Build.0 = Release|Any CPU
		{3E738EF0-215B-41AD-818F-C27CA829ECE1}.Debug|Any CPU.ActiveCfg = Debug|Any CPU
		{3E738EF0-215B-41AD-818F-C27CA829ECE1}.Debug|Any CPU.Build.0 = Debug|Any CPU
		{3E738EF0-215B-41AD-818F-C27CA829ECE1}.Release|Any CPU.ActiveCfg = Release|Any CPU
		{3E738EF0-215B-41AD-818F-C27CA829ECE1}.Release|Any CPU.Build.0 = Release|Any CPU
		{43041F6F-BAA4-42C6-8D79-3B17A153C830}.Debug|Any CPU.ActiveCfg = Debug|Any CPU
		{43041F6F-BAA4-42C6-8D79-3B17A153C830}.Debug|Any CPU.Build.0 = Debug|Any CPU
		{43041F6F-BAA4-42C6-8D79-3B17A153C830}.Release|Any CPU.ActiveCfg = Release|Any CPU
		{43041F6F-BAA4-42C6-8D79-3B17A153C830}.Release|Any CPU.Build.0 = Release|Any CPU
		{AF542DF3-1646-43E0-9B9B-338205D275CF}.Debug|Any CPU.ActiveCfg = Debug|Any CPU
		{AF542DF3-1646-43E0-9B9B-338205D275CF}.Debug|Any CPU.Build.0 = Debug|Any CPU
		{AF542DF3-1646-43E0-9B9B-338205D275CF}.Release|Any CPU.ActiveCfg = Release|Any CPU
		{AF542DF3-1646-43E0-9B9B-338205D275CF}.Release|Any CPU.Build.0 = Release|Any CPU
		{22844665-DF27-4C1F-AF98-8981019FD6CF}.Debug|Any CPU.ActiveCfg = Debug|Any CPU
		{22844665-DF27-4C1F-AF98-8981019FD6CF}.Debug|Any CPU.Build.0 = Debug|Any CPU
		{22844665-DF27-4C1F-AF98-8981019FD6CF}.Release|Any CPU.ActiveCfg = Release|Any CPU
		{22844665-DF27-4C1F-AF98-8981019FD6CF}.Release|Any CPU.Build.0 = Release|Any CPU
		{34BC1567-91E7-435C-AC69-02097E21718E}.Debug|Any CPU.ActiveCfg = Debug|Any CPU
		{34BC1567-91E7-435C-AC69-02097E21718E}.Debug|Any CPU.Build.0 = Debug|Any CPU
		{34BC1567-91E7-435C-AC69-02097E21718E}.Release|Any CPU.ActiveCfg = Release|Any CPU
		{34BC1567-91E7-435C-AC69-02097E21718E}.Release|Any CPU.Build.0 = Release|Any CPU
		{BB819F08-4C74-4502-A0EE-D1BCC21E08B0}.Debug|Any CPU.ActiveCfg = Debug|Any CPU
		{BB819F08-4C74-4502-A0EE-D1BCC21E08B0}.Debug|Any CPU.Build.0 = Debug|Any CPU
		{BB819F08-4C74-4502-A0EE-D1BCC21E08B0}.Release|Any CPU.ActiveCfg = Release|Any CPU
		{BB819F08-4C74-4502-A0EE-D1BCC21E08B0}.Release|Any CPU.Build.0 = Release|Any CPU
		{EBCA5B4A-A232-4DB7-B7C0-A90104072AC7}.Debug|Any CPU.ActiveCfg = Debug|Any CPU
		{EBCA5B4A-A232-4DB7-B7C0-A90104072AC7}.Debug|Any CPU.Build.0 = Debug|Any CPU
		{EBCA5B4A-A232-4DB7-B7C0-A90104072AC7}.Release|Any CPU.ActiveCfg = Release|Any CPU
		{EBCA5B4A-A232-4DB7-B7C0-A90104072AC7}.Release|Any CPU.Build.0 = Release|Any CPU
		{8308139A-650A-4F8B-81DC-86E3034C3536}.Debug|Any CPU.ActiveCfg = Debug|Any CPU
		{8308139A-650A-4F8B-81DC-86E3034C3536}.Debug|Any CPU.Build.0 = Debug|Any CPU
		{8308139A-650A-4F8B-81DC-86E3034C3536}.Release|Any CPU.ActiveCfg = Release|Any CPU
		{8308139A-650A-4F8B-81DC-86E3034C3536}.Release|Any CPU.Build.0 = Release|Any CPU
		{A7F9840F-6597-4F1C-9873-43C2EC3B01A0}.Debug|Any CPU.ActiveCfg = Debug|Any CPU
		{A7F9840F-6597-4F1C-9873-43C2EC3B01A0}.Debug|Any CPU.Build.0 = Debug|Any CPU
		{A7F9840F-6597-4F1C-9873-43C2EC3B01A0}.Release|Any CPU.ActiveCfg = Release|Any CPU
		{A7F9840F-6597-4F1C-9873-43C2EC3B01A0}.Release|Any CPU.Build.0 = Release|Any CPU
		{2CF6BC31-82C7-48A7-A424-D18E1BDCBE4F}.Debug|Any CPU.ActiveCfg = Debug|Any CPU
		{2CF6BC31-82C7-48A7-A424-D18E1BDCBE4F}.Debug|Any CPU.Build.0 = Debug|Any CPU
		{2CF6BC31-82C7-48A7-A424-D18E1BDCBE4F}.Release|Any CPU.ActiveCfg = Release|Any CPU
		{2CF6BC31-82C7-48A7-A424-D18E1BDCBE4F}.Release|Any CPU.Build.0 = Release|Any CPU
		{317467D0-AB97-4C5A-9970-1152B556A0F2}.Debug|Any CPU.ActiveCfg = Debug|Any CPU
		{317467D0-AB97-4C5A-9970-1152B556A0F2}.Debug|Any CPU.Build.0 = Debug|Any CPU
		{317467D0-AB97-4C5A-9970-1152B556A0F2}.Release|Any CPU.ActiveCfg = Release|Any CPU
		{317467D0-AB97-4C5A-9970-1152B556A0F2}.Release|Any CPU.Build.0 = Release|Any CPU
		{D9FEFDD4-CBA1-4709-A3B6-7A7519475BC9}.Debug|Any CPU.ActiveCfg = Debug|Any CPU
		{D9FEFDD4-CBA1-4709-A3B6-7A7519475BC9}.Debug|Any CPU.Build.0 = Debug|Any CPU
		{D9FEFDD4-CBA1-4709-A3B6-7A7519475BC9}.Release|Any CPU.ActiveCfg = Release|Any CPU
		{D9FEFDD4-CBA1-4709-A3B6-7A7519475BC9}.Release|Any CPU.Build.0 = Release|Any CPU
		{0C46AFB6-8A85-4DCD-8A28-561CD7219DCF}.Debug|Any CPU.ActiveCfg = Debug|Any CPU
		{0C46AFB6-8A85-4DCD-8A28-561CD7219DCF}.Debug|Any CPU.Build.0 = Debug|Any CPU
		{0C46AFB6-8A85-4DCD-8A28-561CD7219DCF}.Release|Any CPU.ActiveCfg = Release|Any CPU
		{0C46AFB6-8A85-4DCD-8A28-561CD7219DCF}.Release|Any CPU.Build.0 = Release|Any CPU
		{6A715E91-DFA2-4DEC-A4C6-44B8E929DFC1}.Debug|Any CPU.ActiveCfg = Debug|Any CPU
		{6A715E91-DFA2-4DEC-A4C6-44B8E929DFC1}.Debug|Any CPU.Build.0 = Debug|Any CPU
		{6A715E91-DFA2-4DEC-A4C6-44B8E929DFC1}.Release|Any CPU.ActiveCfg = Release|Any CPU
		{6A715E91-DFA2-4DEC-A4C6-44B8E929DFC1}.Release|Any CPU.Build.0 = Release|Any CPU
		{8D62E83D-24C0-4214-9714-ABBEC600F6B6}.Debug|Any CPU.ActiveCfg = Debug|Any CPU
		{8D62E83D-24C0-4214-9714-ABBEC600F6B6}.Debug|Any CPU.Build.0 = Debug|Any CPU
		{8D62E83D-24C0-4214-9714-ABBEC600F6B6}.Release|Any CPU.ActiveCfg = Release|Any CPU
		{8D62E83D-24C0-4214-9714-ABBEC600F6B6}.Release|Any CPU.Build.0 = Release|Any CPU
		{236F3084-4C18-4A16-A154-09157D70BA5A}.Debug|Any CPU.ActiveCfg = Debug|Any CPU
		{236F3084-4C18-4A16-A154-09157D70BA5A}.Debug|Any CPU.Build.0 = Debug|Any CPU
		{236F3084-4C18-4A16-A154-09157D70BA5A}.Release|Any CPU.ActiveCfg = Release|Any CPU
		{236F3084-4C18-4A16-A154-09157D70BA5A}.Release|Any CPU.Build.0 = Release|Any CPU
		{B4637247-6B9C-497D-8169-67984C8CFBC9}.Debug|Any CPU.ActiveCfg = Debug|Any CPU
		{B4637247-6B9C-497D-8169-67984C8CFBC9}.Debug|Any CPU.Build.0 = Debug|Any CPU
		{B4637247-6B9C-497D-8169-67984C8CFBC9}.Release|Any CPU.ActiveCfg = Release|Any CPU
		{B4637247-6B9C-497D-8169-67984C8CFBC9}.Release|Any CPU.Build.0 = Release|Any CPU
	EndGlobalSection
	GlobalSection(SolutionProperties) = preSolution
		HideSolutionNode = FALSE
	EndGlobalSection
	GlobalSection(ExtensibilityGlobals) = postSolution
		SolutionGuid = {A396D53B-CF5C-4317-BCDE-019C7A4FF934}
	EndGlobalSection
EndGlobal
